
Microsoft Visual Studio Solution File, Format Version 12.00
# Visual Studio Version 17
VisualStudioVersion = 17.0.31903.59
MinimumVisualStudioVersion = 10.0.40219.1
Project("{FAE04EC0-301F-11D3-BF4B-00C04F79EFBC}") = "ECommercePro.Domain", "ECommercePro.Domain\ECommercePro.Domain.csproj", "{AA3E3809-C7DE-49F0-B484-65B65A76CB98}"
EndProject
Project("{FAE04EC0-301F-11D3-BF4B-00C04F79EFBC}") = "ECommercePro.Application", "ECommercePro.Application\ECommercePro.Application.csproj", "{C69467EF-35D5-48B1-9074-B786B642F5BB}"
EndProject
Project("{FAE04EC0-301F-11D3-BF4B-00C04F79EFBC}") = "ECommercePro.Infrastructure", "ECommercePro.Infrastructure\ECommercePro.Infrastructure.csproj", "{3E0E929E-1A4E-4E65-A7F7-AAB59DFABBB2}"
EndProject
Project("{FAE04EC0-301F-11D3-BF4B-00C04F79EFBC}") = "ECommercePro.Web", "ECommercePro.Web\ECommercePro.Web.csproj", "{8B86BAF4-2721-4AC2-AB68-87A17A233540}"
EndProject
Global
	GlobalSection(SolutionConfigurationPlatforms) = preSolution
		Debug|Any CPU = Debug|Any CPU
		Release|Any CPU = Release|Any CPU
	EndGlobalSection
	GlobalSection(SolutionProperties) = preSolution
		HideSolutionNode = FALSE
	EndGlobalSection
	GlobalSection(ProjectConfigurationPlatforms) = postSolution
		{AA3E3809-C7DE-49F0-B484-65B65A76CB98}.Debug|Any CPU.ActiveCfg = Debug|Any CPU
		{AA3E3809-C7DE-49F0-B484-65B65A76CB98}.Debug|Any CPU.Build.0 = Debug|Any CPU
		{AA3E3809-C7DE-49F0-B484-65B65A76CB98}.Release|Any CPU.ActiveCfg = Release|Any CPU
		{AA3E3809-C7DE-49F0-B484-65B65A76CB98}.Release|Any CPU.Build.0 = Release|Any CPU
		{C69467EF-35D5-48B1-9074-B786B642F5BB}.Debug|Any CPU.ActiveCfg = Debug|Any CPU
		{C69467EF-35D5-48B1-9074-B786B642F5BB}.Debug|Any CPU.Build.0 = Debug|Any CPU
		{C69467EF-35D5-48B1-9074-B786B642F5BB}.Release|Any CPU.ActiveCfg = Release|Any CPU
		{C69467EF-35D5-48B1-9074-B786B642F5BB}.Release|Any CPU.Build.0 = Release|Any CPU
		{3E0E929E-1A4E-4E65-A7F7-AAB59DFABBB2}.Debug|Any CPU.ActiveCfg = Debug|Any CPU
		{3E0E929E-1A4E-4E65-A7F7-AAB59DFABBB2}.Debug|Any CPU.Build.0 = Debug|Any CPU
		{3E0E929E-1A4E-4E65-A7F7-AAB59DFABBB2}.Release|Any CPU.ActiveCfg = Release|Any CPU
		{3E0E929E-1A4E-4E65-A7F7-AAB59DFABBB2}.Release|Any CPU.Build.0 = Release|Any CPU
		{8B86BAF4-2721-4AC2-AB68-87A17A233540}.Debug|Any CPU.ActiveCfg = Debug|Any CPU
		{8B86BAF4-2721-4AC2-AB68-87A17A233540}.Debug|Any CPU.Build.0 = Debug|Any CPU
		{8B86BAF4-2721-4AC2-AB68-87A17A233540}.Release|Any CPU.ActiveCfg = Release|Any CPU
		{8B86BAF4-2721-4AC2-AB68-87A17A233540}.Release|Any CPU.Build.0 = Release|Any CPU
	EndGlobalSection
EndGlobal
